{
  "name": "andr",
  "lockfileVersion": 3,
  "requires": true,
  "packages": {
    "": {
      "dependencies": {
        "animejs": "^4.0.2",
        "three": "^0.176.0"
      }
    },
    "node_modules/animejs": {
      "version": "4.0.2",
      "resolved": "https://registry.npmjs.org/animejs/-/animejs-4.0.2.tgz",
      "integrity": "sha512-f0L/kSya2RF23iMSF/VO01pMmLwlAFoiQeNAvBXhEyLzIPd2/QTBRatwGUqkVCC6seaAJYzAkGir55N4SL+h3A==",
      "license": "MIT"
    },
    "node_modules/three": {
      "version": "0.176.0",
      "resolved": "https://registry.npmjs.org/three/-/three-0.176.0.tgz",
      "integrity": "sha512-PWRKYWQo23ojf9oZSlRGH8K09q7nRSWx6LY/HF/UUrMdYgN9i1e2OwJYHoQjwc6HF/4lvvYLC5YC1X8UJL2ZpA==",
      "license": "MIT"
    }
  }
}
